
Microsoft Visual Studio Solution File, Format Version 12.00
# Visual Studio Version 17
VisualStudioVersion = 17.2.32630.192
MinimumVisualStudioVersion = 10.0.40219.1
Project("{9A19103F-16F7-4668-BE54-9A1E7A4F7556}") = "Core", "Core\Core.csproj", "{F54AB52B-CCDD-4691-B588-FB527D014ED0}"
EndProject
Project("{9A19103F-16F7-4668-BE54-9A1E7A4F7556}") = "Repository", "Repository\Repository.csproj", "{23823900-5D03-4064-9FEA-E550B84463A7}"
EndProject
Project("{9A19103F-16F7-4668-BE54-9A1E7A4F7556}") = "Service", "Service\Service.csproj", "{6A2E70F3-EEFA-430F-8104-3AA5E7F9215E}"
EndProject
Project("{FAE04EC0-301F-11D3-BF4B-00C04F79EFBC}") = "Web.API", "Web.API\Web.API.csproj", "{8CAB93F7-F3C2-4901-AD61-B6A2ECE9FD26}"
EndProject
Global
	GlobalSection(SolutionConfigurationPlatforms) = preSolution
		Debug|Any CPU = Debug|Any CPU
		Release|Any CPU = Release|Any CPU
	EndGlobalSection
	GlobalSection(ProjectConfigurationPlatforms) = postSolution
		{F54AB52B-CCDD-4691-B588-FB527D014ED0}.Debug|Any CPU.ActiveCfg = Debug|Any CPU
		{F54AB52B-CCDD-4691-B588-FB527D014ED0}.Debug|Any CPU.Build.0 = Debug|Any CPU
		{F54AB52B-CCDD-4691-B588-FB527D014ED0}.Release|Any CPU.ActiveCfg = Release|Any CPU
		{F54AB52B-CCDD-4691-B588-FB527D014ED0}.Release|Any CPU.Build.0 = Release|Any CPU
		{23823900-5D03-4064-9FEA-E550B84463A7}.Debug|Any CPU.ActiveCfg = Debug|Any CPU
		{23823900-5D03-4064-9FEA-E550B84463A7}.Debug|Any CPU.Build.0 = Debug|Any CPU
		{23823900-5D03-4064-9FEA-E550B84463A7}.Release|Any CPU.ActiveCfg = Release|Any CPU
		{23823900-5D03-4064-9FEA-E550B84463A7}.Release|Any CPU.Build.0 = Release|Any CPU
		{6A2E70F3-EEFA-430F-8104-3AA5E7F9215E}.Debug|Any CPU.ActiveCfg = Debug|Any CPU
		{6A2E70F3-EEFA-430F-8104-3AA5E7F9215E}.Debug|Any CPU.Build.0 = Debug|Any CPU
		{6A2E70F3-EEFA-430F-8104-3AA5E7F9215E}.Release|Any CPU.ActiveCfg = Release|Any CPU
		{6A2E70F3-EEFA-430F-8104-3AA5E7F9215E}.Release|Any CPU.Build.0 = Release|Any CPU
		{8CAB93F7-F3C2-4901-AD61-B6A2ECE9FD26}.Debug|Any CPU.ActiveCfg = Debug|Any CPU
		{8CAB93F7-F3C2-4901-AD61-B6A2ECE9FD26}.Debug|Any CPU.Build.0 = Debug|Any CPU
		{8CAB93F7-F3C2-4901-AD61-B6A2ECE9FD26}.Release|Any CPU.ActiveCfg = Release|Any CPU
		{8CAB93F7-F3C2-4901-AD61-B6A2ECE9FD26}.Release|Any CPU.Build.0 = Release|Any CPU
	EndGlobalSection
	GlobalSection(SolutionProperties) = preSolution
		HideSolutionNode = FALSE
	EndGlobalSection
	GlobalSection(ExtensibilityGlobals) = postSolution
		SolutionGuid = {8308E163-DF17-43BD-8ED6-8BB22918B270}
	EndGlobalSection
EndGlobal
